// !$*UTF8*$!
{
	archiveVersion = 1;
	classes = {
	};
	objectVersion = 46;
	objects = {

/* Begin PBXBuildFile section */
		0A833BC61C72E26B0087C64B /* AppDelegate.swift in Sources */ = {isa = PBXBuildFile; fileRef = 0A833BC51C72E26B0087C64B /* AppDelegate.swift */; };
		0A833BC81C72E26B0087C64B /* ViewController.swift in Sources */ = {isa = PBXBuildFile; fileRef = 0A833BC71C72E26B0087C64B /* ViewController.swift */; };
		0A833BCB1C72E26B0087C64B /* Main.storyboard in Resources */ = {isa = PBXBuildFile; fileRef = 0A833BC91C72E26B0087C64B /* Main.storyboard */; };
		0A833BCD1C72E26B0087C64B /* Assets.xcassets in Resources */ = {isa = PBXBuildFile; fileRef = 0A833BCC1C72E26B0087C64B /* Assets.xcassets */; };
		0A833BD01C72E26B0087C64B /* LaunchScreen.storyboard in Resources */ = {isa = PBXBuildFile; fileRef = 0A833BCE1C72E26B0087C64B /* LaunchScreen.storyboard */; };
		0A833BD81C72E97D0087C64B /* Card.swift in Sources */ = {isa = PBXBuildFile; fileRef = 0A833BD71C72E97D0087C64B /* Card.swift */; };
/* End PBXBuildFile section */

/* Begin PBXFileReference section */
		0A833BC21C72E26B0087C64B /* HelloFlipCard.app */ = {isa = PBXFileReference; explicitFileType = wrapper.application; includeInIndex = 0; path = HelloFlipCard.app; sourceTree = BUILT_PRODUCTS_DIR; };
		0A833BC51C72E26B0087C64B /* AppDelegate.swift */ = {isa = PBXFileReference; lastKnownFileType = sourcecode.swift; path = AppDelegate.swift; sourceTree = "<group>"; };
		0A833BC71C72E26B0087C64B /* ViewController.swift */ = {isa = PBXFileReference; lastKnownFileType = sourcecode.swift; path = ViewController.swift; sourceTree = "<group>"; };
		0A833BCA1C72E26B0087C64B /* Base */ = {isa = PBXFileReference; lastKnownFileType = file.storyboard; name = Base; path = Base.lproj/Main.storyboard; sourceTree = "<group>"; };
		0A833BCC1C72E26B0087C64B /* Assets.xcassets */ = {isa = PBXFileReference; lastKnownFileType = folder.assetcatalog; path = Assets.xcassets; sourceTree = "<group>"; };
		0A833BCF1C72E26B0087C64B /* Base */ = {isa = PBXFileReference; lastKnownFileType = file.storyboard; name = Base; path = Base.lproj/LaunchScreen.storyboard; sourceTree = "<group>"; };
		0A833BD11C72E26B0087C64B /* Info.plist */ = {isa = PBXFileReference; lastKnownFileType = text.plist.xml; path = Info.plist; sourceTree = "<group>"; };
		0A833BD71C72E97D0087C64B /* Card.swift */ = {isa = PBXFileReference; fileEncoding = 4; lastKnownFileType = sourcecode.swift; path = Card.swift; sourceTree = "<group>"; };
/* End PBXFileReference section */

/* Begin PBXFrameworksBuildPhase section */
		0A833BBF1C72E26B0087C64B /* Frameworks */ = {
			isa = PBXFrameworksBuildPhase;
			buildActionMask = 2147483647;
			files = (
			);
			runOnlyForDeploymentPostprocessing = 0;
		};
/* End PBXFrameworksBuildPhase section */

/* Begin PBXGroup section */
		0A833BB91C72E26B0087C64B = {
			isa = PBXGroup;
			children = (
				0A833BC41C72E26B0087C64B /* HelloFlipCard */,
				0A833BC31C72E26B0087C64B /* Products */,
			);
			sourceTree = "<group>";
		};
		0A833BC31C72E26B0087C64B /* Products */ = {
			isa = PBXGroup;
			children = (
				0A833BC21C72E26B0087C64B /* HelloFlipCard.app */,
			);
			name = Products;
			sourceTree = "<group>";
		};
		0A833BC41C72E26B0087C64B /* HelloFlipCard */ = {
			isa = PBXGroup;
			children = (
				0A833BC51C72E26B0087C64B /* AppDelegate.swift */,
				0A833BC71C72E26B0087C64B /* ViewController.swift */,
				0A833BC91C72E26B0087C64B /* Main.storyboard */,
				0A833BCC1C72E26B0087C64B /* Assets.xcassets */,
				0A833BCE1C72E26B0087C64B /* LaunchScreen.storyboard */,
				0A833BD11C72E26B0087C64B /* Info.plist */,
				0A833BD71C72E97D0087C64B /* Card.swift */,
			);
			path = HelloFlipCard;
			sourceTree = "<group>";
		};
/* End PBXGroup section */

/* Begin PBXNativeTarget section */
		0A833BC11C72E26B0087C64B /* HelloFlipCard */ = {
			isa = PBXNativeTarget;
			buildConfigurationList = 0A833BD41C72E26B0087C64B /* Build configuration list for PBXNativeTarget "HelloFlipCard" */;
			buildPhases = (
				0A833BBE1C72E26B0087C64B /* Sources */,
				0A833BBF1C72E26B0087C64B /* Frameworks */,
				0A833BC01C72E26B0087C64B /* Resources */,
			);
			buildRules = (
			);
			dependencies = (
			);
			name = HelloFlipCard;
			productName = HelloFlipCard;
			productReference = 0A833BC21C72E26B0087C64B /* HelloFlipCard.app */;
			productType = "com.apple.product-type.application";
		};
/* End PBXNativeTarget section */

/* Begin PBXProject section */
		0A833BBA1C72E26B0087C64B /* Project object */ = {
			isa = PBXProject;
			attributes = {
				LastSwiftUpdateCheck = 0720;
				LastUpgradeCheck = 0830;
				ORGANIZATIONNAME = appsgaga;
				TargetAttributes = {
					0A833BC11C72E26B0087C64B = {
						CreatedOnToolsVersion = 7.2;
						LastSwiftMigration = 0830;
					};
				};
			};
			buildConfigurationList = 0A833BBD1C72E26B0087C64B /* Build configuration list for PBXProject "HelloFlipCard" */;
			compatibilityVersion = "Xcode 3.2";
			developmentRegion = English;
			hasScannedForEncodings = 0;
			knownRegions = (
				en,
				Base,
			);
			mainGroup = 0A833BB91C72E26B0087C64B;
			productRefGroup = 0A833BC31C72E26B0087C64B /* Products */;
			projectDirPath = "";
			projectRoot = "";
			targets = (
				0A833BC11C72E26B0087C64B /* HelloFlipCard */,
			);
		};
/* End PBXProject section */

/* Begin PBXResourcesBuildPhase section */
		0A833BC01C72E26B0087C64B /* Resources */ = {
			isa = PBXResourcesBuildPhase;
			buildActionMask = 2147483647;
			files = (
				0A833BD01C72E26B0087C64B /* LaunchScreen.storyboard in Resources */,
				0A833BCD1C72E26B0087C64B /* Assets.xcassets in Resources */,
				0A833BCB1C72E26B0087C64B /* Main.storyboard in Resources */,
			);
			runOnlyForDeploymentPostprocessing = 0;
		};
/* End PBXResourcesBuildPhase section */

/* Begin PBXSourcesBuildPhase section */
		0A833BBE1C72E26B0087C64B /* Sources */ = {
			isa = PBXSourcesBuildPhase;
			buildActionMask = 2147483647;
			files = (
				0A833BC81C72E26B0087C64B /* ViewController.swift in Sources */,
				0A833BD81C72E97D0087C64B /* Card.swift in Sources */,
				0A833BC61C72E26B0087C64B /* AppDelegate.swift in Sources */,
			);
			runOnlyForDeploymentPostprocessing = 0;
		};
/* End PBXSourcesBuildPhase section */

/* Begin PBXVariantGroup section */
		0A833BC91C72E26B0087C64B /* Main.storyboard */ = {
			isa = PBXVariantGroup;
			children = (
				0A833BCA1C72E26B0087C64B /* Base */,
			);
			name = Main.storyboard;
			sourceTree = "<group>";
		};
		0A833BCE1C72E26B0087C64B /* LaunchScreen.storyboard */ = {
			isa = PBXVariantGroup;
			children = (
				0A833BCF1C72E26B0087C64B /* Base */,
			);
			name = LaunchScreen.storyboard;
			sourceTree = "<group>";
		};
/* End PBXVariantGroup section */

/* Begin XCBuildConfiguration section */
		0A833BD21C72E26B0087C64B /* Debug */ = {
			isa = XCBuildConfiguration;
			buildSettings = {
				ALWAYS_SEARCH_USER_PATHS = NO;
				CLANG_CXX_LANGUAGE_STANDARD = "gnu++0x";
				CLANG_CXX_LIBRARY = "libc++";
				CLANG_ENABLE_MODULES = YES;
				CLANG_ENABLE_OBJC_ARC = YES;
				CLANG_WARN_BOOL_CONVERSION = YES;
				CLANG_WARN_CONSTANT_CONVERSION = YES;
				CLANG_WARN_DIRECT_OBJC_ISA_USAGE = YES_ERROR;
				CLANG_WARN_EMPTY_BODY = YES;
				CLANG_WARN_ENUM_CONVERSION = YES;
				CLANG_WARN_INFINITE_RECURSION = YES;
				CLANG_WARN_INT_CONVERSION = YES;
				CLANG_WARN_OBJC_ROOT_CLASS = YES_ERROR;
				CLANG_WARN_SUSPICIOUS_MOVE = YES;
				CLANG_WARN_UNREACHABLE_CODE = YES;
				CLANG_WARN__DUPLICATE_METHOD_MATCH = YES;
				"CODE_SIGN_IDENTITY[sdk=iphoneos*]" = "iPhone Developer";
				COPY_PHASE_STRIP = NO;
				DEBUG_INFORMATION_FORMAT = dwarf;
				ENABLE_STRICT_OBJC_MSGSEND = YES;
				ENABLE_TESTABILITY = YES;
				GCC_C_LANGUAGE_STANDARD = gnu99;
				GCC_DYNAMIC_NO_PIC = NO;
				GCC_NO_COMMON_BLOCKS = YES;
				GCC_OPTIMIZATION_LEVEL = 0;
				GCC_PREPROCESSOR_DEFINITIONS = (
					"DEBUG=1",
					"$(inherited)",
				);
				GCC_WARN_64_TO_32_BIT_CONVERSION = YES;
				GCC_WARN_ABOUT_RETURN_TYPE = YES_ERROR;
				GCC_WARN_UNDECLARED_SELECTOR = YES;
				GCC_WARN_UNINITIALIZED_AUTOS = YES_AGGRESSIVE;
				GCC_WARN_UNUSED_FUNCTION = YES;
				GCC_WARN_UNUSED_VARIABLE = YES;
				IPHONEOS_DEPLOYMENT_TARGET = 9.2;
				MTL_ENABLE_DEBUG_INFO = YES;
				ONLY_ACTIVE_ARCH = YES;
				SDKROOT = iphoneos;
				SWIFT_OPTIMIZATION_LEVEL = "-Onone";
				TARGETED_DEVICE_FAMILY = "1,2";
			};
			name = Debug;
		};
		0A833BD31C72E26B0087C64B /* Release */ = {
			isa = XCBuildConfiguration;
			buildSettings = {
				ALWAYS_SEARCH_USER_PATHS = NO;
				CLANG_CXX_LANGUAGE_STANDARD = "gnu++0x";
				CLANG_CXX_LIBRARY = "libc++";
				CLANG_ENABLE_MODULES = YES;
				CLANG_ENABLE_OBJC_ARC = YES;
				CLANG_WARN_BOOL_CONVERSION = YES;
				CLANG_WARN_CONSTANT_CONVERSION = YES;
				CLANG_WARN_DIRECT_OBJC_ISA_USAGE = YES_ERROR;
				CLANG_WARN_EMPTY_BODY = YES;
				CLANG_WARN_ENUM_CONVERSION = YES;
				CLANG_WARN_INFINITE_RECURSION = YES;
				CLANG_WARN_INT_CONVERSION = YES;
				CLANG_WARN_OBJC_ROOT_CLASS = YES_ERROR;
				CLANG_WARN_SUSPICIOUS_MOVE = YES;
				CLANG_WARN_UNREACHABLE_CODE = YES;
				CLANG_WARN__DUPLICATE_METHOD_MATCH = YES;
				"CODE_SIGN_IDENTITY[sdk=iphoneos*]" = "iPhone Developer";
				COPY_PHASE_STRIP = NO;
				DEBUG_INFORMATION_FORMAT = "dwarf-with-dsym";
				ENABLE_NS_ASSERTIONS = NO;
				ENABLE_STRICT_OBJC_MSGSEND = YES;
				GCC_C_LANGUAGE_STANDARD = gnu99;
				GCC_NO_COMMON_BLOCKS = YES;
				GCC_WARN_64_TO_32_BIT_CONVERSION = YES;
				GCC_WARN_ABOUT_RETURN_TYPE = YES_ERROR;
				GCC_WARN_UNDECLARED_SELECTOR = YES;
				GCC_WARN_UNINITIALIZED_AUTOS = YES_AGGRESSIVE;
				GCC_WARN_UNUSED_FUNCTION = YES;
				GCC_WARN_UNUSED_VARIABLE = YES;
				IPHONEOS_DEPLOYMENT_TARGET = 9.2;
				MTL_ENABLE_DEBUG_INFO = NO;
				SDKROOT = iphoneos;
				SWIFT_OPTIMIZATION_LEVEL = "-Owholemodule";
				TARGETED_DEVICE_FAMILY = "1,2";
				VALIDATE_PRODUCT = YES;
			};
			name = Release;
		};
		0A833BD51C72E26B0087C64B /* Debug */ = {
			isa = XCBuildConfiguration;
			buildSettings = {
				ASSETCATALOG_COMPILER_APPICON_NAME = AppIcon;
				INFOPLIST_FILE = HelloFlipCard/Info.plist;
				LD_RUNPATH_SEARCH_PATHS = "$(inherited) @executable_path/Frameworks";
				PRODUCT_BUNDLE_IDENTIFIER = com.appsgaga.HelloFlipCard;
				PRODUCT_NAME = "$(TARGET_NAME)";
				SWIFT_VERSION = 3.0;
			};
			name = Debug;
		};
		0A833BD61C72E26B0087C64B /* Release */ = {
			isa = XCBuildConfiguration;
			buildSettings = {
				ASSETCATALOG_COMPILER_APPICON_NAME = AppIcon;
				INFOPLIST_FILE = HelloFlipCard/Info.plist;
				LD_RUNPATH_SEARCH_PATHS = "$(inherited) @executable_path/Frameworks";
				PRODUCT_BUNDLE_IDENTIFIER = com.appsgaga.HelloFlipCard;
				PRODUCT_NAME = "$(TARGET_NAME)";
				SWIFT_VERSION = 3.0;
			};
			name = Release;
		};
/* End XCBuildConfiguration section */

/* Begin XCConfigurationList section */
		0A833BBD1C72E26B0087C64B /* Build configuration list for PBXProject "HelloFlipCard" */ = {
			isa = XCConfigurationList;
			buildConfigurations = (
				0A833BD21C72E26B0087C64B /* Debug */,
				0A833BD31C72E26B0087C64B /* Release */,
			);
			defaultConfigurationIsVisible = 0;
			defaultConfigurationName = Release;
		};
		0A833BD41C72E26B0087C64B /* Build configuration list for PBXNativeTarget "HelloFlipCard" */ = {
			isa = XCConfigurationList;
			buildConfigurations = (
				0A833BD51C72E26B0087C64B /* Debug */,
				0A833BD61C72E26B0087C64B /* Release */,
			);
			defaultConfigurationIsVisible = 0;
			defaultConfigurationName = Release;
		};
/* End XCConfigurationList section */
	};
	rootObject = 0A833BBA1C72E26B0087C64B /* Project object */;
}
