// !$*UTF8*$!
{
	archiveVersion = 1;
	classes = {
	};
	objectVersion = 46;
	objects = {

/* Begin PBXBuildFile section */
		0AD777D01B2BC49D0059B19A /* AppDelegate.swift in Sources */ = {isa = PBXBuildFile; fileRef = 0AD777CF1B2BC49D0059B19A /* AppDelegate.swift */; };
		0AD777D21B2BC49D0059B19A /* ViewController.swift in Sources */ = {isa = PBXBuildFile; fileRef = 0AD777D11B2BC49D0059B19A /* ViewController.swift */; };
		0AD777D51B2BC49D0059B19A /* Main.storyboard in Resources */ = {isa = PBXBuildFile; fileRef = 0AD777D31B2BC49D0059B19A /* Main.storyboard */; };
		0AD777D71B2BC49D0059B19A /* Images.xcassets in Resources */ = {isa = PBXBuildFile; fileRef = 0AD777D61B2BC49D0059B19A /* Images.xcassets */; };
		0AD777DA1B2BC49D0059B19A /* LaunchScreen.xib in Resources */ = {isa = PBXBuildFile; fileRef = 0AD777D81B2BC49D0059B19A /* LaunchScreen.xib */; };
/* End PBXBuildFile section */

/* Begin PBXFileReference section */
		0AD777CA1B2BC49D0059B19A /* HelloLEDOpening.app */ = {isa = PBXFileReference; explicitFileType = wrapper.application; includeInIndex = 0; path = HelloLEDOpening.app; sourceTree = BUILT_PRODUCTS_DIR; };
		0AD777CE1B2BC49D0059B19A /* Info.plist */ = {isa = PBXFileReference; lastKnownFileType = text.plist.xml; path = Info.plist; sourceTree = "<group>"; };
		0AD777CF1B2BC49D0059B19A /* AppDelegate.swift */ = {isa = PBXFileReference; lastKnownFileType = sourcecode.swift; path = AppDelegate.swift; sourceTree = "<group>"; };
		0AD777D11B2BC49D0059B19A /* ViewController.swift */ = {isa = PBXFileReference; lastKnownFileType = sourcecode.swift; path = ViewController.swift; sourceTree = "<group>"; };
		0AD777D41B2BC49D0059B19A /* Base */ = {isa = PBXFileReference; lastKnownFileType = file.storyboard; name = Base; path = Base.lproj/Main.storyboard; sourceTree = "<group>"; };
		0AD777D61B2BC49D0059B19A /* Images.xcassets */ = {isa = PBXFileReference; lastKnownFileType = folder.assetcatalog; path = Images.xcassets; sourceTree = "<group>"; };
		0AD777D91B2BC49D0059B19A /* Base */ = {isa = PBXFileReference; lastKnownFileType = file.xib; name = Base; path = Base.lproj/LaunchScreen.xib; sourceTree = "<group>"; };
/* End PBXFileReference section */

/* Begin PBXFrameworksBuildPhase section */
		0AD777C71B2BC49D0059B19A /* Frameworks */ = {
			isa = PBXFrameworksBuildPhase;
			buildActionMask = 2147483647;
			files = (
			);
			runOnlyForDeploymentPostprocessing = 0;
		};
/* End PBXFrameworksBuildPhase section */

/* Begin PBXGroup section */
		0AD777C11B2BC49D0059B19A = {
			isa = PBXGroup;
			children = (
				0AD777CC1B2BC49D0059B19A /* HelloLEDOpening */,
				0AD777CB1B2BC49D0059B19A /* Products */,
			);
			sourceTree = "<group>";
		};
		0AD777CB1B2BC49D0059B19A /* Products */ = {
			isa = PBXGroup;
			children = (
				0AD777CA1B2BC49D0059B19A /* HelloLEDOpening.app */,
			);
			name = Products;
			sourceTree = "<group>";
		};
		0AD777CC1B2BC49D0059B19A /* HelloLEDOpening */ = {
			isa = PBXGroup;
			children = (
				0AD777CF1B2BC49D0059B19A /* AppDelegate.swift */,
				0AD777D11B2BC49D0059B19A /* ViewController.swift */,
				0AD777D31B2BC49D0059B19A /* Main.storyboard */,
				0AD777D61B2BC49D0059B19A /* Images.xcassets */,
				0AD777D81B2BC49D0059B19A /* LaunchScreen.xib */,
				0AD777CD1B2BC49D0059B19A /* Supporting Files */,
			);
			path = HelloLEDOpening;
			sourceTree = "<group>";
		};
		0AD777CD1B2BC49D0059B19A /* Supporting Files */ = {
			isa = PBXGroup;
			children = (
				0AD777CE1B2BC49D0059B19A /* Info.plist */,
			);
			name = "Supporting Files";
			sourceTree = "<group>";
		};
/* End PBXGroup section */

/* Begin PBXNativeTarget section */
		0AD777C91B2BC49D0059B19A /* HelloLEDOpening */ = {
			isa = PBXNativeTarget;
			buildConfigurationList = 0AD777E91B2BC49D0059B19A /* Build configuration list for PBXNativeTarget "HelloLEDOpening" */;
			buildPhases = (
				0AD777C61B2BC49D0059B19A /* Sources */,
				0AD777C71B2BC49D0059B19A /* Frameworks */,
				0AD777C81B2BC49D0059B19A /* Resources */,
			);
			buildRules = (
			);
			dependencies = (
			);
			name = HelloLEDOpening;
			productName = HelloLEDOpening;
			productReference = 0AD777CA1B2BC49D0059B19A /* HelloLEDOpening.app */;
			productType = "com.apple.product-type.application";
		};
/* End PBXNativeTarget section */

/* Begin PBXProject section */
		0AD777C21B2BC49D0059B19A /* Project object */ = {
			isa = PBXProject;
			attributes = {
				LastSwiftMigration = 0730;
				LastSwiftUpdateCheck = 0730;
				LastUpgradeCheck = 0830;
				ORGANIZATIONNAME = appsgaga;
				TargetAttributes = {
					0AD777C91B2BC49D0059B19A = {
						CreatedOnToolsVersion = 6.3.2;
						DevelopmentTeam = 7NJZJZTM7P;
						LastSwiftMigration = 0830;
					};
				};
			};
			buildConfigurationList = 0AD777C51B2BC49D0059B19A /* Build configuration list for PBXProject "HelloLEDOpening" */;
			compatibilityVersion = "Xcode 3.2";
			developmentRegion = English;
			hasScannedForEncodings = 0;
			knownRegions = (
				en,
				Base,
			);
			mainGroup = 0AD777C11B2BC49D0059B19A;
			productRefGroup = 0AD777CB1B2BC49D0059B19A /* Products */;
			projectDirPath = "";
			projectRoot = "";
			targets = (
				0AD777C91B2BC49D0059B19A /* HelloLEDOpening */,
			);
		};
/* End PBXProject section */

/* Begin PBXResourcesBuildPhase section */
		0AD777C81B2BC49D0059B19A /* Resources */ = {
			isa = PBXResourcesBuildPhase;
			buildActionMask = 2147483647;
			files = (
				0AD777D51B2BC49D0059B19A /* Main.storyboard in Resources */,
				0AD777DA1B2BC49D0059B19A /* LaunchScreen.xib in Resources */,
				0AD777D71B2BC49D0059B19A /* Images.xcassets in Resources */,
			);
			runOnlyForDeploymentPostprocessing = 0;
		};
/* End PBXResourcesBuildPhase section */

/* Begin PBXSourcesBuildPhase section */
		0AD777C61B2BC49D0059B19A /* Sources */ = {
			isa = PBXSourcesBuildPhase;
			buildActionMask = 2147483647;
			files = (
				0AD777D21B2BC49D0059B19A /* ViewController.swift in Sources */,
				0AD777D01B2BC49D0059B19A /* AppDelegate.swift in Sources */,
			);
			runOnlyForDeploymentPostprocessing = 0;
		};
/* End PBXSourcesBuildPhase section */

/* Begin PBXVariantGroup section */
		0AD777D31B2BC49D0059B19A /* Main.storyboard */ = {
			isa = PBXVariantGroup;
			children = (
				0AD777D41B2BC49D0059B19A /* Base */,
			);
			name = Main.storyboard;
			sourceTree = "<group>";
		};
		0AD777D81B2BC49D0059B19A /* LaunchScreen.xib */ = {
			isa = PBXVariantGroup;
			children = (
				0AD777D91B2BC49D0059B19A /* Base */,
			);
			name = LaunchScreen.xib;
			sourceTree = "<group>";
		};
/* End PBXVariantGroup section */

/* Begin XCBuildConfiguration section */
		0AD777E71B2BC49D0059B19A /* Debug */ = {
			isa = XCBuildConfiguration;
			buildSettings = {
				ALWAYS_SEARCH_USER_PATHS = NO;
				CLANG_CXX_LANGUAGE_STANDARD = "gnu++0x";
				CLANG_CXX_LIBRARY = "libc++";
				CLANG_ENABLE_MODULES = YES;
				CLANG_ENABLE_OBJC_ARC = YES;
				CLANG_WARN_BOOL_CONVERSION = YES;
				CLANG_WARN_CONSTANT_CONVERSION = YES;
				CLANG_WARN_DIRECT_OBJC_ISA_USAGE = YES_ERROR;
				CLANG_WARN_EMPTY_BODY = YES;
				CLANG_WARN_ENUM_CONVERSION = YES;
				CLANG_WARN_INFINITE_RECURSION = YES;
				CLANG_WARN_INT_CONVERSION = YES;
				CLANG_WARN_OBJC_ROOT_CLASS = YES_ERROR;
				CLANG_WARN_SUSPICIOUS_MOVE = YES;
				CLANG_WARN_UNREACHABLE_CODE = YES;
				CLANG_WARN__DUPLICATE_METHOD_MATCH = YES;
				"CODE_SIGN_IDENTITY[sdk=iphoneos*]" = "iPhone Developer";
				COPY_PHASE_STRIP = NO;
				DEBUG_INFORMATION_FORMAT = "dwarf-with-dsym";
				ENABLE_STRICT_OBJC_MSGSEND = YES;
				ENABLE_TESTABILITY = YES;
				GCC_C_LANGUAGE_STANDARD = gnu99;
				GCC_DYNAMIC_NO_PIC = NO;
				GCC_NO_COMMON_BLOCKS = YES;
				GCC_OPTIMIZATION_LEVEL = 0;
				GCC_PREPROCESSOR_DEFINITIONS = (
					"DEBUG=1",
					"$(inherited)",
				);
				GCC_SYMBOLS_PRIVATE_EXTERN = NO;
				GCC_WARN_64_TO_32_BIT_CONVERSION = YES;
				GCC_WARN_ABOUT_RETURN_TYPE = YES_ERROR;
				GCC_WARN_UNDECLARED_SELECTOR = YES;
				GCC_WARN_UNINITIALIZED_AUTOS = YES_AGGRESSIVE;
				GCC_WARN_UNUSED_FUNCTION = YES;
				GCC_WARN_UNUSED_VARIABLE = YES;
				IPHONEOS_DEPLOYMENT_TARGET = 8.3;
				MTL_ENABLE_DEBUG_INFO = YES;
				ONLY_ACTIVE_ARCH = YES;
				SDKROOT = iphoneos;
				SWIFT_OPTIMIZATION_LEVEL = "-Onone";
				TARGETED_DEVICE_FAMILY = "1,2";
			};
			name = Debug;
		};
		0AD777E81B2BC49D0059B19A /* Release */ = {
			isa = XCBuildConfiguration;
			buildSettings = {
				ALWAYS_SEARCH_USER_PATHS = NO;
				CLANG_CXX_LANGUAGE_STANDARD = "gnu++0x";
				CLANG_CXX_LIBRARY = "libc++";
				CLANG_ENABLE_MODULES = YES;
				CLANG_ENABLE_OBJC_ARC = YES;
				CLANG_WARN_BOOL_CONVERSION = YES;
				CLANG_WARN_CONSTANT_CONVERSION = YES;
				CLANG_WARN_DIRECT_OBJC_ISA_USAGE = YES_ERROR;
				CLANG_WARN_EMPTY_BODY = YES;
				CLANG_WARN_ENUM_CONVERSION = YES;
				CLANG_WARN_INFINITE_RECURSION = YES;
				CLANG_WARN_INT_CONVERSION = YES;
				CLANG_WARN_OBJC_ROOT_CLASS = YES_ERROR;
				CLANG_WARN_SUSPICIOUS_MOVE = YES;
				CLANG_WARN_UNREACHABLE_CODE = YES;
				CLANG_WARN__DUPLICATE_METHOD_MATCH = YES;
				"CODE_SIGN_IDENTITY[sdk=iphoneos*]" = "iPhone Developer";
				COPY_PHASE_STRIP = NO;
				DEBUG_INFORMATION_FORMAT = "dwarf-with-dsym";
				ENABLE_NS_ASSERTIONS = NO;
				ENABLE_STRICT_OBJC_MSGSEND = YES;
				GCC_C_LANGUAGE_STANDARD = gnu99;
				GCC_NO_COMMON_BLOCKS = YES;
				GCC_WARN_64_TO_32_BIT_CONVERSION = YES;
				GCC_WARN_ABOUT_RETURN_TYPE = YES_ERROR;
				GCC_WARN_UNDECLARED_SELECTOR = YES;
				GCC_WARN_UNINITIALIZED_AUTOS = YES_AGGRESSIVE;
				GCC_WARN_UNUSED_FUNCTION = YES;
				GCC_WARN_UNUSED_VARIABLE = YES;
				IPHONEOS_DEPLOYMENT_TARGET = 8.3;
				MTL_ENABLE_DEBUG_INFO = NO;
				SDKROOT = iphoneos;
				SWIFT_OPTIMIZATION_LEVEL = "-Owholemodule";
				TARGETED_DEVICE_FAMILY = "1,2";
				VALIDATE_PRODUCT = YES;
			};
			name = Release;
		};
		0AD777EA1B2BC49D0059B19A /* Debug */ = {
			isa = XCBuildConfiguration;
			buildSettings = {
				ASSETCATALOG_COMPILER_APPICON_NAME = AppIcon;
				DEVELOPMENT_TEAM = 7NJZJZTM7P;
				INFOPLIST_FILE = HelloLEDOpening/Info.plist;
				LD_RUNPATH_SEARCH_PATHS = "$(inherited) @executable_path/Frameworks";
				PRODUCT_BUNDLE_IDENTIFIER = "com.apppsgaga.$(PRODUCT_NAME:rfc1034identifier)";
				PRODUCT_NAME = "$(TARGET_NAME)";
				SWIFT_VERSION = 3.0;
			};
			name = Debug;
		};
		0AD777EB1B2BC49D0059B19A /* Release */ = {
			isa = XCBuildConfiguration;
			buildSettings = {
				ASSETCATALOG_COMPILER_APPICON_NAME = AppIcon;
				DEVELOPMENT_TEAM = 7NJZJZTM7P;
				INFOPLIST_FILE = HelloLEDOpening/Info.plist;
				LD_RUNPATH_SEARCH_PATHS = "$(inherited) @executable_path/Frameworks";
				PRODUCT_BUNDLE_IDENTIFIER = "com.apppsgaga.$(PRODUCT_NAME:rfc1034identifier)";
				PRODUCT_NAME = "$(TARGET_NAME)";
				SWIFT_VERSION = 3.0;
			};
			name = Release;
		};
/* End XCBuildConfiguration section */

/* Begin XCConfigurationList section */
		0AD777C51B2BC49D0059B19A /* Build configuration list for PBXProject "HelloLEDOpening" */ = {
			isa = XCConfigurationList;
			buildConfigurations = (
				0AD777E71B2BC49D0059B19A /* Debug */,
				0AD777E81B2BC49D0059B19A /* Release */,
			);
			defaultConfigurationIsVisible = 0;
			defaultConfigurationName = Release;
		};
		0AD777E91B2BC49D0059B19A /* Build configuration list for PBXNativeTarget "HelloLEDOpening" */ = {
			isa = XCConfigurationList;
			buildConfigurations = (
				0AD777EA1B2BC49D0059B19A /* Debug */,
				0AD777EB1B2BC49D0059B19A /* Release */,
			);
			defaultConfigurationIsVisible = 0;
			defaultConfigurationName = Release;
		};
/* End XCConfigurationList section */
	};
	rootObject = 0AD777C21B2BC49D0059B19A /* Project object */;
}
