// !$*UTF8*$!
{
	archiveVersion = 1;
	classes = {
	};
	objectVersion = 46;
	objects = {

/* Begin PBXBuildFile section */
		0AEC056E1C3BD3CF00E0024F /* AppDelegate.swift in Sources */ = {isa = PBXBuildFile; fileRef = 0AEC056D1C3BD3CF00E0024F /* AppDelegate.swift */; };
		0AEC05701C3BD3CF00E0024F /* ViewController.swift in Sources */ = {isa = PBXBuildFile; fileRef = 0AEC056F1C3BD3CF00E0024F /* ViewController.swift */; };
		0AEC05731C3BD3CF00E0024F /* Main.storyboard in Resources */ = {isa = PBXBuildFile; fileRef = 0AEC05711C3BD3CF00E0024F /* Main.storyboard */; };
		0AEC05751C3BD3CF00E0024F /* Assets.xcassets in Resources */ = {isa = PBXBuildFile; fileRef = 0AEC05741C3BD3CF00E0024F /* Assets.xcassets */; };
		0AEC05781C3BD3CF00E0024F /* LaunchScreen.storyboard in Resources */ = {isa = PBXBuildFile; fileRef = 0AEC05761C3BD3CF00E0024F /* LaunchScreen.storyboard */; };
/* End PBXBuildFile section */

/* Begin PBXFileReference section */
		0AEC056A1C3BD3CF00E0024F /* HelloOrientationChange.app */ = {isa = PBXFileReference; explicitFileType = wrapper.application; includeInIndex = 0; path = HelloOrientationChange.app; sourceTree = BUILT_PRODUCTS_DIR; };
		0AEC056D1C3BD3CF00E0024F /* AppDelegate.swift */ = {isa = PBXFileReference; lastKnownFileType = sourcecode.swift; path = AppDelegate.swift; sourceTree = "<group>"; };
		0AEC056F1C3BD3CF00E0024F /* ViewController.swift */ = {isa = PBXFileReference; lastKnownFileType = sourcecode.swift; path = ViewController.swift; sourceTree = "<group>"; };
		0AEC05721C3BD3CF00E0024F /* Base */ = {isa = PBXFileReference; lastKnownFileType = file.storyboard; name = Base; path = Base.lproj/Main.storyboard; sourceTree = "<group>"; };
		0AEC05741C3BD3CF00E0024F /* Assets.xcassets */ = {isa = PBXFileReference; lastKnownFileType = folder.assetcatalog; path = Assets.xcassets; sourceTree = "<group>"; };
		0AEC05771C3BD3CF00E0024F /* Base */ = {isa = PBXFileReference; lastKnownFileType = file.storyboard; name = Base; path = Base.lproj/LaunchScreen.storyboard; sourceTree = "<group>"; };
		0AEC05791C3BD3CF00E0024F /* Info.plist */ = {isa = PBXFileReference; lastKnownFileType = text.plist.xml; path = Info.plist; sourceTree = "<group>"; };
/* End PBXFileReference section */

/* Begin PBXFrameworksBuildPhase section */
		0AEC05671C3BD3CF00E0024F /* Frameworks */ = {
			isa = PBXFrameworksBuildPhase;
			buildActionMask = 2147483647;
			files = (
			);
			runOnlyForDeploymentPostprocessing = 0;
		};
/* End PBXFrameworksBuildPhase section */

/* Begin PBXGroup section */
		0AEC05611C3BD3CF00E0024F = {
			isa = PBXGroup;
			children = (
				0AEC056C1C3BD3CF00E0024F /* HelloOrientationChange */,
				0AEC056B1C3BD3CF00E0024F /* Products */,
			);
			sourceTree = "<group>";
		};
		0AEC056B1C3BD3CF00E0024F /* Products */ = {
			isa = PBXGroup;
			children = (
				0AEC056A1C3BD3CF00E0024F /* HelloOrientationChange.app */,
			);
			name = Products;
			sourceTree = "<group>";
		};
		0AEC056C1C3BD3CF00E0024F /* HelloOrientationChange */ = {
			isa = PBXGroup;
			children = (
				0AEC056D1C3BD3CF00E0024F /* AppDelegate.swift */,
				0AEC056F1C3BD3CF00E0024F /* ViewController.swift */,
				0AEC05711C3BD3CF00E0024F /* Main.storyboard */,
				0AEC05741C3BD3CF00E0024F /* Assets.xcassets */,
				0AEC05761C3BD3CF00E0024F /* LaunchScreen.storyboard */,
				0AEC05791C3BD3CF00E0024F /* Info.plist */,
			);
			path = HelloOrientationChange;
			sourceTree = "<group>";
		};
/* End PBXGroup section */

/* Begin PBXNativeTarget section */
		0AEC05691C3BD3CF00E0024F /* HelloOrientationChange */ = {
			isa = PBXNativeTarget;
			buildConfigurationList = 0AEC057C1C3BD3CF00E0024F /* Build configuration list for PBXNativeTarget "HelloOrientationChange" */;
			buildPhases = (
				0AEC05661C3BD3CF00E0024F /* Sources */,
				0AEC05671C3BD3CF00E0024F /* Frameworks */,
				0AEC05681C3BD3CF00E0024F /* Resources */,
			);
			buildRules = (
			);
			dependencies = (
			);
			name = HelloOrientationChange;
			productName = HelloOrientationChange;
			productReference = 0AEC056A1C3BD3CF00E0024F /* HelloOrientationChange.app */;
			productType = "com.apple.product-type.application";
		};
/* End PBXNativeTarget section */

/* Begin PBXProject section */
		0AEC05621C3BD3CF00E0024F /* Project object */ = {
			isa = PBXProject;
			attributes = {
				LastSwiftUpdateCheck = 0720;
				LastUpgradeCheck = 0720;
				ORGANIZATIONNAME = appsgaga;
				TargetAttributes = {
					0AEC05691C3BD3CF00E0024F = {
						CreatedOnToolsVersion = 7.2;
						LastSwiftMigration = 0820;
					};
				};
			};
			buildConfigurationList = 0AEC05651C3BD3CF00E0024F /* Build configuration list for PBXProject "HelloOrientationChange" */;
			compatibilityVersion = "Xcode 3.2";
			developmentRegion = English;
			hasScannedForEncodings = 0;
			knownRegions = (
				en,
				Base,
			);
			mainGroup = 0AEC05611C3BD3CF00E0024F;
			productRefGroup = 0AEC056B1C3BD3CF00E0024F /* Products */;
			projectDirPath = "";
			projectRoot = "";
			targets = (
				0AEC05691C3BD3CF00E0024F /* HelloOrientationChange */,
			);
		};
/* End PBXProject section */

/* Begin PBXResourcesBuildPhase section */
		0AEC05681C3BD3CF00E0024F /* Resources */ = {
			isa = PBXResourcesBuildPhase;
			buildActionMask = 2147483647;
			files = (
				0AEC05781C3BD3CF00E0024F /* LaunchScreen.storyboard in Resources */,
				0AEC05751C3BD3CF00E0024F /* Assets.xcassets in Resources */,
				0AEC05731C3BD3CF00E0024F /* Main.storyboard in Resources */,
			);
			runOnlyForDeploymentPostprocessing = 0;
		};
/* End PBXResourcesBuildPhase section */

/* Begin PBXSourcesBuildPhase section */
		0AEC05661C3BD3CF00E0024F /* Sources */ = {
			isa = PBXSourcesBuildPhase;
			buildActionMask = 2147483647;
			files = (
				0AEC05701C3BD3CF00E0024F /* ViewController.swift in Sources */,
				0AEC056E1C3BD3CF00E0024F /* AppDelegate.swift in Sources */,
			);
			runOnlyForDeploymentPostprocessing = 0;
		};
/* End PBXSourcesBuildPhase section */

/* Begin PBXVariantGroup section */
		0AEC05711C3BD3CF00E0024F /* Main.storyboard */ = {
			isa = PBXVariantGroup;
			children = (
				0AEC05721C3BD3CF00E0024F /* Base */,
			);
			name = Main.storyboard;
			sourceTree = "<group>";
		};
		0AEC05761C3BD3CF00E0024F /* LaunchScreen.storyboard */ = {
			isa = PBXVariantGroup;
			children = (
				0AEC05771C3BD3CF00E0024F /* Base */,
			);
			name = LaunchScreen.storyboard;
			sourceTree = "<group>";
		};
/* End PBXVariantGroup section */

/* Begin XCBuildConfiguration section */
		0AEC057A1C3BD3CF00E0024F /* Debug */ = {
			isa = XCBuildConfiguration;
			buildSettings = {
				ALWAYS_SEARCH_USER_PATHS = NO;
				CLANG_CXX_LANGUAGE_STANDARD = "gnu++0x";
				CLANG_CXX_LIBRARY = "libc++";
				CLANG_ENABLE_MODULES = YES;
				CLANG_ENABLE_OBJC_ARC = YES;
				CLANG_WARN_BOOL_CONVERSION = YES;
				CLANG_WARN_CONSTANT_CONVERSION = YES;
				CLANG_WARN_DIRECT_OBJC_ISA_USAGE = YES_ERROR;
				CLANG_WARN_EMPTY_BODY = YES;
				CLANG_WARN_ENUM_CONVERSION = YES;
				CLANG_WARN_INT_CONVERSION = YES;
				CLANG_WARN_OBJC_ROOT_CLASS = YES_ERROR;
				CLANG_WARN_UNREACHABLE_CODE = YES;
				CLANG_WARN__DUPLICATE_METHOD_MATCH = YES;
				"CODE_SIGN_IDENTITY[sdk=iphoneos*]" = "iPhone Developer";
				COPY_PHASE_STRIP = NO;
				DEBUG_INFORMATION_FORMAT = dwarf;
				ENABLE_STRICT_OBJC_MSGSEND = YES;
				ENABLE_TESTABILITY = YES;
				GCC_C_LANGUAGE_STANDARD = gnu99;
				GCC_DYNAMIC_NO_PIC = NO;
				GCC_NO_COMMON_BLOCKS = YES;
				GCC_OPTIMIZATION_LEVEL = 0;
				GCC_PREPROCESSOR_DEFINITIONS = (
					"DEBUG=1",
					"$(inherited)",
				);
				GCC_WARN_64_TO_32_BIT_CONVERSION = YES;
				GCC_WARN_ABOUT_RETURN_TYPE = YES_ERROR;
				GCC_WARN_UNDECLARED_SELECTOR = YES;
				GCC_WARN_UNINITIALIZED_AUTOS = YES_AGGRESSIVE;
				GCC_WARN_UNUSED_FUNCTION = YES;
				GCC_WARN_UNUSED_VARIABLE = YES;
				IPHONEOS_DEPLOYMENT_TARGET = 9.2;
				MTL_ENABLE_DEBUG_INFO = YES;
				ONLY_ACTIVE_ARCH = YES;
				SDKROOT = iphoneos;
				SWIFT_OPTIMIZATION_LEVEL = "-Onone";
				TARGETED_DEVICE_FAMILY = "1,2";
			};
			name = Debug;
		};
		0AEC057B1C3BD3CF00E0024F /* Release */ = {
			isa = XCBuildConfiguration;
			buildSettings = {
				ALWAYS_SEARCH_USER_PATHS = NO;
				CLANG_CXX_LANGUAGE_STANDARD = "gnu++0x";
				CLANG_CXX_LIBRARY = "libc++";
				CLANG_ENABLE_MODULES = YES;
				CLANG_ENABLE_OBJC_ARC = YES;
				CLANG_WARN_BOOL_CONVERSION = YES;
				CLANG_WARN_CONSTANT_CONVERSION = YES;
				CLANG_WARN_DIRECT_OBJC_ISA_USAGE = YES_ERROR;
				CLANG_WARN_EMPTY_BODY = YES;
				CLANG_WARN_ENUM_CONVERSION = YES;
				CLANG_WARN_INT_CONVERSION = YES;
				CLANG_WARN_OBJC_ROOT_CLASS = YES_ERROR;
				CLANG_WARN_UNREACHABLE_CODE = YES;
				CLANG_WARN__DUPLICATE_METHOD_MATCH = YES;
				"CODE_SIGN_IDENTITY[sdk=iphoneos*]" = "iPhone Developer";
				COPY_PHASE_STRIP = NO;
				DEBUG_INFORMATION_FORMAT = "dwarf-with-dsym";
				ENABLE_NS_ASSERTIONS = NO;
				ENABLE_STRICT_OBJC_MSGSEND = YES;
				GCC_C_LANGUAGE_STANDARD = gnu99;
				GCC_NO_COMMON_BLOCKS = YES;
				GCC_WARN_64_TO_32_BIT_CONVERSION = YES;
				GCC_WARN_ABOUT_RETURN_TYPE = YES_ERROR;
				GCC_WARN_UNDECLARED_SELECTOR = YES;
				GCC_WARN_UNINITIALIZED_AUTOS = YES_AGGRESSIVE;
				GCC_WARN_UNUSED_FUNCTION = YES;
				GCC_WARN_UNUSED_VARIABLE = YES;
				IPHONEOS_DEPLOYMENT_TARGET = 9.2;
				MTL_ENABLE_DEBUG_INFO = NO;
				SDKROOT = iphoneos;
				TARGETED_DEVICE_FAMILY = "1,2";
				VALIDATE_PRODUCT = YES;
			};
			name = Release;
		};
		0AEC057D1C3BD3CF00E0024F /* Debug */ = {
			isa = XCBuildConfiguration;
			buildSettings = {
				ASSETCATALOG_COMPILER_APPICON_NAME = AppIcon;
				INFOPLIST_FILE = HelloOrientationChange/Info.plist;
				LD_RUNPATH_SEARCH_PATHS = "$(inherited) @executable_path/Frameworks";
				PRODUCT_BUNDLE_IDENTIFIER = com.appsgaga.HelloOrientationChange;
				PRODUCT_NAME = "$(TARGET_NAME)";
				SWIFT_VERSION = 3.0;
			};
			name = Debug;
		};
		0AEC057E1C3BD3CF00E0024F /* Release */ = {
			isa = XCBuildConfiguration;
			buildSettings = {
				ASSETCATALOG_COMPILER_APPICON_NAME = AppIcon;
				INFOPLIST_FILE = HelloOrientationChange/Info.plist;
				LD_RUNPATH_SEARCH_PATHS = "$(inherited) @executable_path/Frameworks";
				PRODUCT_BUNDLE_IDENTIFIER = com.appsgaga.HelloOrientationChange;
				PRODUCT_NAME = "$(TARGET_NAME)";
				SWIFT_VERSION = 3.0;
			};
			name = Release;
		};
/* End XCBuildConfiguration section */

/* Begin XCConfigurationList section */
		0AEC05651C3BD3CF00E0024F /* Build configuration list for PBXProject "HelloOrientationChange" */ = {
			isa = XCConfigurationList;
			buildConfigurations = (
				0AEC057A1C3BD3CF00E0024F /* Debug */,
				0AEC057B1C3BD3CF00E0024F /* Release */,
			);
			defaultConfigurationIsVisible = 0;
			defaultConfigurationName = Release;
		};
		0AEC057C1C3BD3CF00E0024F /* Build configuration list for PBXNativeTarget "HelloOrientationChange" */ = {
			isa = XCConfigurationList;
			buildConfigurations = (
				0AEC057D1C3BD3CF00E0024F /* Debug */,
				0AEC057E1C3BD3CF00E0024F /* Release */,
			);
			defaultConfigurationIsVisible = 0;
			defaultConfigurationName = Release;
		};
/* End XCConfigurationList section */
	};
	rootObject = 0AEC05621C3BD3CF00E0024F /* Project object */;
}
