// !$*UTF8*$!
{
	archiveVersion = 1;
	classes = {
	};
	objectVersion = 46;
	objects = {

/* Begin PBXBuildFile section */
		0AC816C31C7A879000CAA722 /* AppDelegate.swift in Sources */ = {isa = PBXBuildFile; fileRef = 0AC816C21C7A879000CAA722 /* AppDelegate.swift */; };
		0AC816C51C7A879000CAA722 /* ViewController.swift in Sources */ = {isa = PBXBuildFile; fileRef = 0AC816C41C7A879000CAA722 /* ViewController.swift */; };
		0AC816C81C7A879000CAA722 /* Main.storyboard in Resources */ = {isa = PBXBuildFile; fileRef = 0AC816C61C7A879000CAA722 /* Main.storyboard */; };
		0AC816CA1C7A879000CAA722 /* Assets.xcassets in Resources */ = {isa = PBXBuildFile; fileRef = 0AC816C91C7A879000CAA722 /* Assets.xcassets */; };
		0AC816CD1C7A879000CAA722 /* LaunchScreen.storyboard in Resources */ = {isa = PBXBuildFile; fileRef = 0AC816CB1C7A879000CAA722 /* LaunchScreen.storyboard */; };
/* End PBXBuildFile section */

/* Begin PBXFileReference section */
		0AC816BF1C7A879000CAA722 /* HelloUITextField.app */ = {isa = PBXFileReference; explicitFileType = wrapper.application; includeInIndex = 0; path = HelloUITextField.app; sourceTree = BUILT_PRODUCTS_DIR; };
		0AC816C21C7A879000CAA722 /* AppDelegate.swift */ = {isa = PBXFileReference; lastKnownFileType = sourcecode.swift; path = AppDelegate.swift; sourceTree = "<group>"; };
		0AC816C41C7A879000CAA722 /* ViewController.swift */ = {isa = PBXFileReference; lastKnownFileType = sourcecode.swift; path = ViewController.swift; sourceTree = "<group>"; };
		0AC816C71C7A879000CAA722 /* Base */ = {isa = PBXFileReference; lastKnownFileType = file.storyboard; name = Base; path = Base.lproj/Main.storyboard; sourceTree = "<group>"; };
		0AC816C91C7A879000CAA722 /* Assets.xcassets */ = {isa = PBXFileReference; lastKnownFileType = folder.assetcatalog; path = Assets.xcassets; sourceTree = "<group>"; };
		0AC816CC1C7A879000CAA722 /* Base */ = {isa = PBXFileReference; lastKnownFileType = file.storyboard; name = Base; path = Base.lproj/LaunchScreen.storyboard; sourceTree = "<group>"; };
		0AC816CE1C7A879000CAA722 /* Info.plist */ = {isa = PBXFileReference; lastKnownFileType = text.plist.xml; path = Info.plist; sourceTree = "<group>"; };
/* End PBXFileReference section */

/* Begin PBXFrameworksBuildPhase section */
		0AC816BC1C7A879000CAA722 /* Frameworks */ = {
			isa = PBXFrameworksBuildPhase;
			buildActionMask = 2147483647;
			files = (
			);
			runOnlyForDeploymentPostprocessing = 0;
		};
/* End PBXFrameworksBuildPhase section */

/* Begin PBXGroup section */
		0AC816B61C7A879000CAA722 = {
			isa = PBXGroup;
			children = (
				0AC816C11C7A879000CAA722 /* HelloUITextField */,
				0AC816C01C7A879000CAA722 /* Products */,
			);
			sourceTree = "<group>";
		};
		0AC816C01C7A879000CAA722 /* Products */ = {
			isa = PBXGroup;
			children = (
				0AC816BF1C7A879000CAA722 /* HelloUITextField.app */,
			);
			name = Products;
			sourceTree = "<group>";
		};
		0AC816C11C7A879000CAA722 /* HelloUITextField */ = {
			isa = PBXGroup;
			children = (
				0AC816C21C7A879000CAA722 /* AppDelegate.swift */,
				0AC816C41C7A879000CAA722 /* ViewController.swift */,
				0AC816C61C7A879000CAA722 /* Main.storyboard */,
				0AC816C91C7A879000CAA722 /* Assets.xcassets */,
				0AC816CB1C7A879000CAA722 /* LaunchScreen.storyboard */,
				0AC816CE1C7A879000CAA722 /* Info.plist */,
			);
			path = HelloUITextField;
			sourceTree = "<group>";
		};
/* End PBXGroup section */

/* Begin PBXNativeTarget section */
		0AC816BE1C7A879000CAA722 /* HelloUITextField */ = {
			isa = PBXNativeTarget;
			buildConfigurationList = 0AC816D11C7A879000CAA722 /* Build configuration list for PBXNativeTarget "HelloUITextField" */;
			buildPhases = (
				0AC816BB1C7A879000CAA722 /* Sources */,
				0AC816BC1C7A879000CAA722 /* Frameworks */,
				0AC816BD1C7A879000CAA722 /* Resources */,
			);
			buildRules = (
			);
			dependencies = (
			);
			name = HelloUITextField;
			productName = HelloUITextField;
			productReference = 0AC816BF1C7A879000CAA722 /* HelloUITextField.app */;
			productType = "com.apple.product-type.application";
		};
/* End PBXNativeTarget section */

/* Begin PBXProject section */
		0AC816B71C7A879000CAA722 /* Project object */ = {
			isa = PBXProject;
			attributes = {
				LastSwiftUpdateCheck = 0720;
				LastUpgradeCheck = 0820;
				ORGANIZATIONNAME = appsgaga;
				TargetAttributes = {
					0AC816BE1C7A879000CAA722 = {
						CreatedOnToolsVersion = 7.2;
						LastSwiftMigration = 0820;
					};
				};
			};
			buildConfigurationList = 0AC816BA1C7A879000CAA722 /* Build configuration list for PBXProject "HelloUITextField" */;
			compatibilityVersion = "Xcode 3.2";
			developmentRegion = English;
			hasScannedForEncodings = 0;
			knownRegions = (
				en,
				Base,
			);
			mainGroup = 0AC816B61C7A879000CAA722;
			productRefGroup = 0AC816C01C7A879000CAA722 /* Products */;
			projectDirPath = "";
			projectRoot = "";
			targets = (
				0AC816BE1C7A879000CAA722 /* HelloUITextField */,
			);
		};
/* End PBXProject section */

/* Begin PBXResourcesBuildPhase section */
		0AC816BD1C7A879000CAA722 /* Resources */ = {
			isa = PBXResourcesBuildPhase;
			buildActionMask = 2147483647;
			files = (
				0AC816CD1C7A879000CAA722 /* LaunchScreen.storyboard in Resources */,
				0AC816CA1C7A879000CAA722 /* Assets.xcassets in Resources */,
				0AC816C81C7A879000CAA722 /* Main.storyboard in Resources */,
			);
			runOnlyForDeploymentPostprocessing = 0;
		};
/* End PBXResourcesBuildPhase section */

/* Begin PBXSourcesBuildPhase section */
		0AC816BB1C7A879000CAA722 /* Sources */ = {
			isa = PBXSourcesBuildPhase;
			buildActionMask = 2147483647;
			files = (
				0AC816C51C7A879000CAA722 /* ViewController.swift in Sources */,
				0AC816C31C7A879000CAA722 /* AppDelegate.swift in Sources */,
			);
			runOnlyForDeploymentPostprocessing = 0;
		};
/* End PBXSourcesBuildPhase section */

/* Begin PBXVariantGroup section */
		0AC816C61C7A879000CAA722 /* Main.storyboard */ = {
			isa = PBXVariantGroup;
			children = (
				0AC816C71C7A879000CAA722 /* Base */,
			);
			name = Main.storyboard;
			sourceTree = "<group>";
		};
		0AC816CB1C7A879000CAA722 /* LaunchScreen.storyboard */ = {
			isa = PBXVariantGroup;
			children = (
				0AC816CC1C7A879000CAA722 /* Base */,
			);
			name = LaunchScreen.storyboard;
			sourceTree = "<group>";
		};
/* End PBXVariantGroup section */

/* Begin XCBuildConfiguration section */
		0AC816CF1C7A879000CAA722 /* Debug */ = {
			isa = XCBuildConfiguration;
			buildSettings = {
				ALWAYS_SEARCH_USER_PATHS = NO;
				CLANG_CXX_LANGUAGE_STANDARD = "gnu++0x";
				CLANG_CXX_LIBRARY = "libc++";
				CLANG_ENABLE_MODULES = YES;
				CLANG_ENABLE_OBJC_ARC = YES;
				CLANG_WARN_BOOL_CONVERSION = YES;
				CLANG_WARN_CONSTANT_CONVERSION = YES;
				CLANG_WARN_DIRECT_OBJC_ISA_USAGE = YES_ERROR;
				CLANG_WARN_EMPTY_BODY = YES;
				CLANG_WARN_ENUM_CONVERSION = YES;
				CLANG_WARN_INFINITE_RECURSION = YES;
				CLANG_WARN_INT_CONVERSION = YES;
				CLANG_WARN_OBJC_ROOT_CLASS = YES_ERROR;
				CLANG_WARN_SUSPICIOUS_MOVE = YES;
				CLANG_WARN_UNREACHABLE_CODE = YES;
				CLANG_WARN__DUPLICATE_METHOD_MATCH = YES;
				"CODE_SIGN_IDENTITY[sdk=iphoneos*]" = "iPhone Developer";
				COPY_PHASE_STRIP = NO;
				DEBUG_INFORMATION_FORMAT = dwarf;
				ENABLE_STRICT_OBJC_MSGSEND = YES;
				ENABLE_TESTABILITY = YES;
				GCC_C_LANGUAGE_STANDARD = gnu99;
				GCC_DYNAMIC_NO_PIC = NO;
				GCC_NO_COMMON_BLOCKS = YES;
				GCC_OPTIMIZATION_LEVEL = 0;
				GCC_PREPROCESSOR_DEFINITIONS = (
					"DEBUG=1",
					"$(inherited)",
				);
				GCC_WARN_64_TO_32_BIT_CONVERSION = YES;
				GCC_WARN_ABOUT_RETURN_TYPE = YES_ERROR;
				GCC_WARN_UNDECLARED_SELECTOR = YES;
				GCC_WARN_UNINITIALIZED_AUTOS = YES_AGGRESSIVE;
				GCC_WARN_UNUSED_FUNCTION = YES;
				GCC_WARN_UNUSED_VARIABLE = YES;
				IPHONEOS_DEPLOYMENT_TARGET = 9.2;
				MTL_ENABLE_DEBUG_INFO = YES;
				ONLY_ACTIVE_ARCH = YES;
				SDKROOT = iphoneos;
				SWIFT_OPTIMIZATION_LEVEL = "-Onone";
				TARGETED_DEVICE_FAMILY = "1,2";
			};
			name = Debug;
		};
		0AC816D01C7A879000CAA722 /* Release */ = {
			isa = XCBuildConfiguration;
			buildSettings = {
				ALWAYS_SEARCH_USER_PATHS = NO;
				CLANG_CXX_LANGUAGE_STANDARD = "gnu++0x";
				CLANG_CXX_LIBRARY = "libc++";
				CLANG_ENABLE_MODULES = YES;
				CLANG_ENABLE_OBJC_ARC = YES;
				CLANG_WARN_BOOL_CONVERSION = YES;
				CLANG_WARN_CONSTANT_CONVERSION = YES;
				CLANG_WARN_DIRECT_OBJC_ISA_USAGE = YES_ERROR;
				CLANG_WARN_EMPTY_BODY = YES;
				CLANG_WARN_ENUM_CONVERSION = YES;
				CLANG_WARN_INFINITE_RECURSION = YES;
				CLANG_WARN_INT_CONVERSION = YES;
				CLANG_WARN_OBJC_ROOT_CLASS = YES_ERROR;
				CLANG_WARN_SUSPICIOUS_MOVE = YES;
				CLANG_WARN_UNREACHABLE_CODE = YES;
				CLANG_WARN__DUPLICATE_METHOD_MATCH = YES;
				"CODE_SIGN_IDENTITY[sdk=iphoneos*]" = "iPhone Developer";
				COPY_PHASE_STRIP = NO;
				DEBUG_INFORMATION_FORMAT = "dwarf-with-dsym";
				ENABLE_NS_ASSERTIONS = NO;
				ENABLE_STRICT_OBJC_MSGSEND = YES;
				GCC_C_LANGUAGE_STANDARD = gnu99;
				GCC_NO_COMMON_BLOCKS = YES;
				GCC_WARN_64_TO_32_BIT_CONVERSION = YES;
				GCC_WARN_ABOUT_RETURN_TYPE = YES_ERROR;
				GCC_WARN_UNDECLARED_SELECTOR = YES;
				GCC_WARN_UNINITIALIZED_AUTOS = YES_AGGRESSIVE;
				GCC_WARN_UNUSED_FUNCTION = YES;
				GCC_WARN_UNUSED_VARIABLE = YES;
				IPHONEOS_DEPLOYMENT_TARGET = 9.2;
				MTL_ENABLE_DEBUG_INFO = NO;
				SDKROOT = iphoneos;
				SWIFT_OPTIMIZATION_LEVEL = "-Owholemodule";
				TARGETED_DEVICE_FAMILY = "1,2";
				VALIDATE_PRODUCT = YES;
			};
			name = Release;
		};
		0AC816D21C7A879000CAA722 /* Debug */ = {
			isa = XCBuildConfiguration;
			buildSettings = {
				ASSETCATALOG_COMPILER_APPICON_NAME = AppIcon;
				INFOPLIST_FILE = HelloUITextField/Info.plist;
				LD_RUNPATH_SEARCH_PATHS = "$(inherited) @executable_path/Frameworks";
				PRODUCT_BUNDLE_IDENTIFIER = com.appsgaga.HelloUITextField;
				PRODUCT_NAME = "$(TARGET_NAME)";
				SWIFT_VERSION = 3.0;
			};
			name = Debug;
		};
		0AC816D31C7A879000CAA722 /* Release */ = {
			isa = XCBuildConfiguration;
			buildSettings = {
				ASSETCATALOG_COMPILER_APPICON_NAME = AppIcon;
				INFOPLIST_FILE = HelloUITextField/Info.plist;
				LD_RUNPATH_SEARCH_PATHS = "$(inherited) @executable_path/Frameworks";
				PRODUCT_BUNDLE_IDENTIFIER = com.appsgaga.HelloUITextField;
				PRODUCT_NAME = "$(TARGET_NAME)";
				SWIFT_VERSION = 3.0;
			};
			name = Release;
		};
/* End XCBuildConfiguration section */

/* Begin XCConfigurationList section */
		0AC816BA1C7A879000CAA722 /* Build configuration list for PBXProject "HelloUITextField" */ = {
			isa = XCConfigurationList;
			buildConfigurations = (
				0AC816CF1C7A879000CAA722 /* Debug */,
				0AC816D01C7A879000CAA722 /* Release */,
			);
			defaultConfigurationIsVisible = 0;
			defaultConfigurationName = Release;
		};
		0AC816D11C7A879000CAA722 /* Build configuration list for PBXNativeTarget "HelloUITextField" */ = {
			isa = XCConfigurationList;
			buildConfigurations = (
				0AC816D21C7A879000CAA722 /* Debug */,
				0AC816D31C7A879000CAA722 /* Release */,
			);
			defaultConfigurationIsVisible = 0;
			defaultConfigurationName = Release;
		};
/* End XCConfigurationList section */
	};
	rootObject = 0AC816B71C7A879000CAA722 /* Project object */;
}
