// !$*UTF8*$!
{
	archiveVersion = 1;
	classes = {
	};
	objectVersion = 46;
	objects = {

/* Begin PBXBuildFile section */
		0A3DD8141C9A9F0B0030FD7C /* AppDelegate.swift in Sources */ = {isa = PBXBuildFile; fileRef = 0A3DD8131C9A9F0B0030FD7C /* AppDelegate.swift */; };
		0A3DD8161C9A9F0B0030FD7C /* ViewController.swift in Sources */ = {isa = PBXBuildFile; fileRef = 0A3DD8151C9A9F0B0030FD7C /* ViewController.swift */; };
		0A3DD8191C9A9F0B0030FD7C /* Main.storyboard in Resources */ = {isa = PBXBuildFile; fileRef = 0A3DD8171C9A9F0B0030FD7C /* Main.storyboard */; };
		0A3DD81B1C9A9F0B0030FD7C /* Assets.xcassets in Resources */ = {isa = PBXBuildFile; fileRef = 0A3DD81A1C9A9F0B0030FD7C /* Assets.xcassets */; };
		0A3DD81E1C9A9F0B0030FD7C /* LaunchScreen.storyboard in Resources */ = {isa = PBXBuildFile; fileRef = 0A3DD81C1C9A9F0B0030FD7C /* LaunchScreen.storyboard */; };
/* End PBXBuildFile section */

/* Begin PBXFileReference section */
		0A3DD8101C9A9F0B0030FD7C /* HelloEmbedInNC.app */ = {isa = PBXFileReference; explicitFileType = wrapper.application; includeInIndex = 0; path = HelloEmbedInNC.app; sourceTree = BUILT_PRODUCTS_DIR; };
		0A3DD8131C9A9F0B0030FD7C /* AppDelegate.swift */ = {isa = PBXFileReference; lastKnownFileType = sourcecode.swift; path = AppDelegate.swift; sourceTree = "<group>"; };
		0A3DD8151C9A9F0B0030FD7C /* ViewController.swift */ = {isa = PBXFileReference; lastKnownFileType = sourcecode.swift; path = ViewController.swift; sourceTree = "<group>"; };
		0A3DD8181C9A9F0B0030FD7C /* Base */ = {isa = PBXFileReference; lastKnownFileType = file.storyboard; name = Base; path = Base.lproj/Main.storyboard; sourceTree = "<group>"; };
		0A3DD81A1C9A9F0B0030FD7C /* Assets.xcassets */ = {isa = PBXFileReference; lastKnownFileType = folder.assetcatalog; path = Assets.xcassets; sourceTree = "<group>"; };
		0A3DD81D1C9A9F0B0030FD7C /* Base */ = {isa = PBXFileReference; lastKnownFileType = file.storyboard; name = Base; path = Base.lproj/LaunchScreen.storyboard; sourceTree = "<group>"; };
		0A3DD81F1C9A9F0B0030FD7C /* Info.plist */ = {isa = PBXFileReference; lastKnownFileType = text.plist.xml; path = Info.plist; sourceTree = "<group>"; };
/* End PBXFileReference section */

/* Begin PBXFrameworksBuildPhase section */
		0A3DD80D1C9A9F0B0030FD7C /* Frameworks */ = {
			isa = PBXFrameworksBuildPhase;
			buildActionMask = 2147483647;
			files = (
			);
			runOnlyForDeploymentPostprocessing = 0;
		};
/* End PBXFrameworksBuildPhase section */

/* Begin PBXGroup section */
		0A3DD8071C9A9F0B0030FD7C = {
			isa = PBXGroup;
			children = (
				0A3DD8121C9A9F0B0030FD7C /* HelloEmbedInNC */,
				0A3DD8111C9A9F0B0030FD7C /* Products */,
			);
			sourceTree = "<group>";
		};
		0A3DD8111C9A9F0B0030FD7C /* Products */ = {
			isa = PBXGroup;
			children = (
				0A3DD8101C9A9F0B0030FD7C /* HelloEmbedInNC.app */,
			);
			name = Products;
			sourceTree = "<group>";
		};
		0A3DD8121C9A9F0B0030FD7C /* HelloEmbedInNC */ = {
			isa = PBXGroup;
			children = (
				0A3DD8131C9A9F0B0030FD7C /* AppDelegate.swift */,
				0A3DD8151C9A9F0B0030FD7C /* ViewController.swift */,
				0A3DD8171C9A9F0B0030FD7C /* Main.storyboard */,
				0A3DD81A1C9A9F0B0030FD7C /* Assets.xcassets */,
				0A3DD81C1C9A9F0B0030FD7C /* LaunchScreen.storyboard */,
				0A3DD81F1C9A9F0B0030FD7C /* Info.plist */,
			);
			path = HelloEmbedInNC;
			sourceTree = "<group>";
		};
/* End PBXGroup section */

/* Begin PBXNativeTarget section */
		0A3DD80F1C9A9F0B0030FD7C /* HelloEmbedInNC */ = {
			isa = PBXNativeTarget;
			buildConfigurationList = 0A3DD8221C9A9F0B0030FD7C /* Build configuration list for PBXNativeTarget "HelloEmbedInNC" */;
			buildPhases = (
				0A3DD80C1C9A9F0B0030FD7C /* Sources */,
				0A3DD80D1C9A9F0B0030FD7C /* Frameworks */,
				0A3DD80E1C9A9F0B0030FD7C /* Resources */,
			);
			buildRules = (
			);
			dependencies = (
			);
			name = HelloEmbedInNC;
			productName = HelloEmbedInNC;
			productReference = 0A3DD8101C9A9F0B0030FD7C /* HelloEmbedInNC.app */;
			productType = "com.apple.product-type.application";
		};
/* End PBXNativeTarget section */

/* Begin PBXProject section */
		0A3DD8081C9A9F0B0030FD7C /* Project object */ = {
			isa = PBXProject;
			attributes = {
				LastSwiftUpdateCheck = 0720;
				LastUpgradeCheck = 0720;
				ORGANIZATIONNAME = appsgaga;
				TargetAttributes = {
					0A3DD80F1C9A9F0B0030FD7C = {
						CreatedOnToolsVersion = 7.2;
						LastSwiftMigration = 0820;
					};
				};
			};
			buildConfigurationList = 0A3DD80B1C9A9F0B0030FD7C /* Build configuration list for PBXProject "HelloEmbedInNC" */;
			compatibilityVersion = "Xcode 3.2";
			developmentRegion = English;
			hasScannedForEncodings = 0;
			knownRegions = (
				en,
				Base,
			);
			mainGroup = 0A3DD8071C9A9F0B0030FD7C;
			productRefGroup = 0A3DD8111C9A9F0B0030FD7C /* Products */;
			projectDirPath = "";
			projectRoot = "";
			targets = (
				0A3DD80F1C9A9F0B0030FD7C /* HelloEmbedInNC */,
			);
		};
/* End PBXProject section */

/* Begin PBXResourcesBuildPhase section */
		0A3DD80E1C9A9F0B0030FD7C /* Resources */ = {
			isa = PBXResourcesBuildPhase;
			buildActionMask = 2147483647;
			files = (
				0A3DD81E1C9A9F0B0030FD7C /* LaunchScreen.storyboard in Resources */,
				0A3DD81B1C9A9F0B0030FD7C /* Assets.xcassets in Resources */,
				0A3DD8191C9A9F0B0030FD7C /* Main.storyboard in Resources */,
			);
			runOnlyForDeploymentPostprocessing = 0;
		};
/* End PBXResourcesBuildPhase section */

/* Begin PBXSourcesBuildPhase section */
		0A3DD80C1C9A9F0B0030FD7C /* Sources */ = {
			isa = PBXSourcesBuildPhase;
			buildActionMask = 2147483647;
			files = (
				0A3DD8161C9A9F0B0030FD7C /* ViewController.swift in Sources */,
				0A3DD8141C9A9F0B0030FD7C /* AppDelegate.swift in Sources */,
			);
			runOnlyForDeploymentPostprocessing = 0;
		};
/* End PBXSourcesBuildPhase section */

/* Begin PBXVariantGroup section */
		0A3DD8171C9A9F0B0030FD7C /* Main.storyboard */ = {
			isa = PBXVariantGroup;
			children = (
				0A3DD8181C9A9F0B0030FD7C /* Base */,
			);
			name = Main.storyboard;
			sourceTree = "<group>";
		};
		0A3DD81C1C9A9F0B0030FD7C /* LaunchScreen.storyboard */ = {
			isa = PBXVariantGroup;
			children = (
				0A3DD81D1C9A9F0B0030FD7C /* Base */,
			);
			name = LaunchScreen.storyboard;
			sourceTree = "<group>";
		};
/* End PBXVariantGroup section */

/* Begin XCBuildConfiguration section */
		0A3DD8201C9A9F0B0030FD7C /* Debug */ = {
			isa = XCBuildConfiguration;
			buildSettings = {
				ALWAYS_SEARCH_USER_PATHS = NO;
				CLANG_CXX_LANGUAGE_STANDARD = "gnu++0x";
				CLANG_CXX_LIBRARY = "libc++";
				CLANG_ENABLE_MODULES = YES;
				CLANG_ENABLE_OBJC_ARC = YES;
				CLANG_WARN_BOOL_CONVERSION = YES;
				CLANG_WARN_CONSTANT_CONVERSION = YES;
				CLANG_WARN_DIRECT_OBJC_ISA_USAGE = YES_ERROR;
				CLANG_WARN_EMPTY_BODY = YES;
				CLANG_WARN_ENUM_CONVERSION = YES;
				CLANG_WARN_INT_CONVERSION = YES;
				CLANG_WARN_OBJC_ROOT_CLASS = YES_ERROR;
				CLANG_WARN_UNREACHABLE_CODE = YES;
				CLANG_WARN__DUPLICATE_METHOD_MATCH = YES;
				"CODE_SIGN_IDENTITY[sdk=iphoneos*]" = "iPhone Developer";
				COPY_PHASE_STRIP = NO;
				DEBUG_INFORMATION_FORMAT = dwarf;
				ENABLE_STRICT_OBJC_MSGSEND = YES;
				ENABLE_TESTABILITY = YES;
				GCC_C_LANGUAGE_STANDARD = gnu99;
				GCC_DYNAMIC_NO_PIC = NO;
				GCC_NO_COMMON_BLOCKS = YES;
				GCC_OPTIMIZATION_LEVEL = 0;
				GCC_PREPROCESSOR_DEFINITIONS = (
					"DEBUG=1",
					"$(inherited)",
				);
				GCC_WARN_64_TO_32_BIT_CONVERSION = YES;
				GCC_WARN_ABOUT_RETURN_TYPE = YES_ERROR;
				GCC_WARN_UNDECLARED_SELECTOR = YES;
				GCC_WARN_UNINITIALIZED_AUTOS = YES_AGGRESSIVE;
				GCC_WARN_UNUSED_FUNCTION = YES;
				GCC_WARN_UNUSED_VARIABLE = YES;
				IPHONEOS_DEPLOYMENT_TARGET = 9.2;
				MTL_ENABLE_DEBUG_INFO = YES;
				ONLY_ACTIVE_ARCH = YES;
				SDKROOT = iphoneos;
				SWIFT_OPTIMIZATION_LEVEL = "-Onone";
				TARGETED_DEVICE_FAMILY = "1,2";
			};
			name = Debug;
		};
		0A3DD8211C9A9F0B0030FD7C /* Release */ = {
			isa = XCBuildConfiguration;
			buildSettings = {
				ALWAYS_SEARCH_USER_PATHS = NO;
				CLANG_CXX_LANGUAGE_STANDARD = "gnu++0x";
				CLANG_CXX_LIBRARY = "libc++";
				CLANG_ENABLE_MODULES = YES;
				CLANG_ENABLE_OBJC_ARC = YES;
				CLANG_WARN_BOOL_CONVERSION = YES;
				CLANG_WARN_CONSTANT_CONVERSION = YES;
				CLANG_WARN_DIRECT_OBJC_ISA_USAGE = YES_ERROR;
				CLANG_WARN_EMPTY_BODY = YES;
				CLANG_WARN_ENUM_CONVERSION = YES;
				CLANG_WARN_INT_CONVERSION = YES;
				CLANG_WARN_OBJC_ROOT_CLASS = YES_ERROR;
				CLANG_WARN_UNREACHABLE_CODE = YES;
				CLANG_WARN__DUPLICATE_METHOD_MATCH = YES;
				"CODE_SIGN_IDENTITY[sdk=iphoneos*]" = "iPhone Developer";
				COPY_PHASE_STRIP = NO;
				DEBUG_INFORMATION_FORMAT = "dwarf-with-dsym";
				ENABLE_NS_ASSERTIONS = NO;
				ENABLE_STRICT_OBJC_MSGSEND = YES;
				GCC_C_LANGUAGE_STANDARD = gnu99;
				GCC_NO_COMMON_BLOCKS = YES;
				GCC_WARN_64_TO_32_BIT_CONVERSION = YES;
				GCC_WARN_ABOUT_RETURN_TYPE = YES_ERROR;
				GCC_WARN_UNDECLARED_SELECTOR = YES;
				GCC_WARN_UNINITIALIZED_AUTOS = YES_AGGRESSIVE;
				GCC_WARN_UNUSED_FUNCTION = YES;
				GCC_WARN_UNUSED_VARIABLE = YES;
				IPHONEOS_DEPLOYMENT_TARGET = 9.2;
				MTL_ENABLE_DEBUG_INFO = NO;
				SDKROOT = iphoneos;
				TARGETED_DEVICE_FAMILY = "1,2";
				VALIDATE_PRODUCT = YES;
			};
			name = Release;
		};
		0A3DD8231C9A9F0B0030FD7C /* Debug */ = {
			isa = XCBuildConfiguration;
			buildSettings = {
				ASSETCATALOG_COMPILER_APPICON_NAME = AppIcon;
				INFOPLIST_FILE = HelloEmbedInNC/Info.plist;
				LD_RUNPATH_SEARCH_PATHS = "$(inherited) @executable_path/Frameworks";
				PRODUCT_BUNDLE_IDENTIFIER = com.appsgaga.HelloEmbedInNC;
				PRODUCT_NAME = "$(TARGET_NAME)";
				SWIFT_VERSION = 3.0;
			};
			name = Debug;
		};
		0A3DD8241C9A9F0B0030FD7C /* Release */ = {
			isa = XCBuildConfiguration;
			buildSettings = {
				ASSETCATALOG_COMPILER_APPICON_NAME = AppIcon;
				INFOPLIST_FILE = HelloEmbedInNC/Info.plist;
				LD_RUNPATH_SEARCH_PATHS = "$(inherited) @executable_path/Frameworks";
				PRODUCT_BUNDLE_IDENTIFIER = com.appsgaga.HelloEmbedInNC;
				PRODUCT_NAME = "$(TARGET_NAME)";
				SWIFT_VERSION = 3.0;
			};
			name = Release;
		};
/* End XCBuildConfiguration section */

/* Begin XCConfigurationList section */
		0A3DD80B1C9A9F0B0030FD7C /* Build configuration list for PBXProject "HelloEmbedInNC" */ = {
			isa = XCConfigurationList;
			buildConfigurations = (
				0A3DD8201C9A9F0B0030FD7C /* Debug */,
				0A3DD8211C9A9F0B0030FD7C /* Release */,
			);
			defaultConfigurationIsVisible = 0;
			defaultConfigurationName = Release;
		};
		0A3DD8221C9A9F0B0030FD7C /* Build configuration list for PBXNativeTarget "HelloEmbedInNC" */ = {
			isa = XCConfigurationList;
			buildConfigurations = (
				0A3DD8231C9A9F0B0030FD7C /* Debug */,
				0A3DD8241C9A9F0B0030FD7C /* Release */,
			);
			defaultConfigurationIsVisible = 0;
			defaultConfigurationName = Release;
		};
/* End XCConfigurationList section */
	};
	rootObject = 0A3DD8081C9A9F0B0030FD7C /* Project object */;
}
